// !$*UTF8*$!
{
	archiveVersion = 1;
	classes = {
	};
	objectVersion = 56;
	objects = {

/* Begin PBXBuildFile section */
		B5336F7F2AF7C9E700F968C4 /* GameView.swift in Sources */ = {isa = PBXBuildFile; fileRef = B5336F7E2AF7C9E700F968C4 /* GameView.swift */; };
		B536AA7E2AF6FD560018E302 /* Guess_The_DoodleApp.swift in Sources */ = {isa = PBXBuildFile; fileRef = B536AA7D2AF6FD560018E302 /* Guess_The_DoodleApp.swift */; };
		B536AA802AF6FD560018E302 /* ContentView.swift in Sources */ = {isa = PBXBuildFile; fileRef = B536AA7F2AF6FD560018E302 /* ContentView.swift */; };
		B536AA822AF6FD5B0018E302 /* Assets.xcassets in Resources */ = {isa = PBXBuildFile; fileRef = B536AA812AF6FD5B0018E302 /* Assets.xcassets */; };
		B536AA852AF6FD5B0018E302 /* Preview Assets.xcassets in Resources */ = {isa = PBXBuildFile; fileRef = B536AA842AF6FD5B0018E302 /* Preview Assets.xcassets */; };
		B536AA8C2AF700B80018E302 /* MenuView.swift in Sources */ = {isa = PBXBuildFile; fileRef = B536AA8B2AF700B80018E302 /* MenuView.swift */; };
		B536AA8E2AF701290018E302 /* MatchManager.swift in Sources */ = {isa = PBXBuildFile; fileRef = B536AA8D2AF701290018E302 /* MatchManager.swift */; };
		B536AA902AF7017C0018E302 /* Misc.swift in Sources */ = {isa = PBXBuildFile; fileRef = B536AA8F2AF7017C0018E302 /* Misc.swift */; };
		B536AA922AF7A3360018E302 /* GameOverView.swift in Sources */ = {isa = PBXBuildFile; fileRef = B536AA912AF7A3360018E302 /* GameOverView.swift */; };
		B5AD747F2AFBE1CF00F55137 /* DrawingView.swift in Sources */ = {isa = PBXBuildFile; fileRef = B5AD747E2AFBE1CF00F55137 /* DrawingView.swift */; };
/* End PBXBuildFile section */

/* Begin PBXFileReference section */
		B5336F7E2AF7C9E700F968C4 /* GameView.swift */ = {isa = PBXFileReference; lastKnownFileType = sourcecode.swift; path = GameView.swift; sourceTree = "<group>"; };
		B536AA7A2AF6FD560018E302 /* Guess The Doodle.app */ = {isa = PBXFileReference; explicitFileType = wrapper.application; includeInIndex = 0; path = "Guess The Doodle.app"; sourceTree = BUILT_PRODUCTS_DIR; };
		B536AA7D2AF6FD560018E302 /* Guess_The_DoodleApp.swift */ = {isa = PBXFileReference; lastKnownFileType = sourcecode.swift; path = Guess_The_DoodleApp.swift; sourceTree = "<group>"; };
		B536AA7F2AF6FD560018E302 /* ContentView.swift */ = {isa = PBXFileReference; lastKnownFileType = sourcecode.swift; path = ContentView.swift; sourceTree = "<group>"; };
		B536AA812AF6FD5B0018E302 /* Assets.xcassets */ = {isa = PBXFileReference; lastKnownFileType = folder.assetcatalog; path = Assets.xcassets; sourceTree = "<group>"; };
		B536AA842AF6FD5B0018E302 /* Preview Assets.xcassets */ = {isa = PBXFileReference; lastKnownFileType = folder.assetcatalog; path = "Preview Assets.xcassets"; sourceTree = "<group>"; };
		B536AA8B2AF700B80018E302 /* MenuView.swift */ = {isa = PBXFileReference; lastKnownFileType = sourcecode.swift; path = MenuView.swift; sourceTree = "<group>"; };
		B536AA8D2AF701290018E302 /* MatchManager.swift */ = {isa = PBXFileReference; lastKnownFileType = sourcecode.swift; path = MatchManager.swift; sourceTree = "<group>"; };
		B536AA8F2AF7017C0018E302 /* Misc.swift */ = {isa = PBXFileReference; lastKnownFileType = sourcecode.swift; path = Misc.swift; sourceTree = "<group>"; };
		B536AA912AF7A3360018E302 /* GameOverView.swift */ = {isa = PBXFileReference; lastKnownFileType = sourcecode.swift; path = GameOverView.swift; sourceTree = "<group>"; };
		B5AD747E2AFBE1CF00F55137 /* DrawingView.swift */ = {isa = PBXFileReference; lastKnownFileType = sourcecode.swift; path = DrawingView.swift; sourceTree = "<group>"; };
/* End PBXFileReference section */

/* Begin PBXFrameworksBuildPhase section */
		B536AA772AF6FD560018E302 /* Frameworks */ = {
			isa = PBXFrameworksBuildPhase;
			buildActionMask = 2147483647;
			files = (
			);
			runOnlyForDeploymentPostprocessing = 0;
		};
/* End PBXFrameworksBuildPhase section */

/* Begin PBXGroup section */
		B536AA712AF6FD560018E302 = {
			isa = PBXGroup;
			children = (
				B536AA7C2AF6FD560018E302 /* Guess The Doodle */,
				B536AA7B2AF6FD560018E302 /* Products */,
			);
			sourceTree = "<group>";
		};
		B536AA7B2AF6FD560018E302 /* Products */ = {
			isa = PBXGroup;
			children = (
				B536AA7A2AF6FD560018E302 /* Guess The Doodle.app */,
			);
			name = Products;
			sourceTree = "<group>";
		};
		B536AA7C2AF6FD560018E302 /* Guess The Doodle */ = {
			isa = PBXGroup;
			children = (
				B536AA7D2AF6FD560018E302 /* Guess_The_DoodleApp.swift */,
				B536AA7F2AF6FD560018E302 /* ContentView.swift */,
				B536AA812AF6FD5B0018E302 /* Assets.xcassets */,
				B536AA832AF6FD5B0018E302 /* Preview Content */,
				B536AA8B2AF700B80018E302 /* MenuView.swift */,
				B536AA912AF7A3360018E302 /* GameOverView.swift */,
				B536AA8D2AF701290018E302 /* MatchManager.swift */,
				B536AA8F2AF7017C0018E302 /* Misc.swift */,
				B5336F7E2AF7C9E700F968C4 /* GameView.swift */,
				B5AD747E2AFBE1CF00F55137 /* DrawingView.swift */,
			);
			path = "Guess The Doodle";
			sourceTree = "<group>";
		};
		B536AA832AF6FD5B0018E302 /* Preview Content */ = {
			isa = PBXGroup;
			children = (
				B536AA842AF6FD5B0018E302 /* Preview Assets.xcassets */,
			);
			path = "Preview Content";
			sourceTree = "<group>";
		};
/* End PBXGroup section */

/* Begin PBXNativeTarget section */
		B536AA792AF6FD560018E302 /* Guess The Doodle */ = {
			isa = PBXNativeTarget;
			buildConfigurationList = B536AA882AF6FD5B0018E302 /* Build configuration list for PBXNativeTarget "Guess The Doodle" */;
			buildPhases = (
				B536AA762AF6FD560018E302 /* Sources */,
				B536AA772AF6FD560018E302 /* Frameworks */,
				B536AA782AF6FD560018E302 /* Resources */,
			);
			buildRules = (
			);
			dependencies = (
			);
			name = "Guess The Doodle";
			productName = "Guess The Doodle";
			productReference = B536AA7A2AF6FD560018E302 /* Guess The Doodle.app */;
			productType = "com.apple.product-type.application";
		};
/* End PBXNativeTarget section */

/* Begin PBXProject section */
		B536AA722AF6FD560018E302 /* Project object */ = {
			isa = PBXProject;
			attributes = {
				BuildIndependentTargetsInParallel = 1;
				LastSwiftUpdateCheck = 1410;
				LastUpgradeCheck = 1410;
				TargetAttributes = {
					B536AA792AF6FD560018E302 = {
						CreatedOnToolsVersion = 14.1;
					};
				};
			};
			buildConfigurationList = B536AA752AF6FD560018E302 /* Build configuration list for PBXProject "Guess The Doodle" */;
			compatibilityVersion = "Xcode 14.0";
			developmentRegion = en;
			hasScannedForEncodings = 0;
			knownRegions = (
				en,
				Base,
			);
			mainGroup = B536AA712AF6FD560018E302;
			productRefGroup = B536AA7B2AF6FD560018E302 /* Products */;
			projectDirPath = "";
			projectRoot = "";
			targets = (
				B536AA792AF6FD560018E302 /* Guess The Doodle */,
			);
		};
/* End PBXProject section */

/* Begin PBXResourcesBuildPhase section */
		B536AA782AF6FD560018E302 /* Resources */ = {
			isa = PBXResourcesBuildPhase;
			buildActionMask = 2147483647;
			files = (
				B536AA852AF6FD5B0018E302 /* Preview Assets.xcassets in Resources */,
				B536AA822AF6FD5B0018E302 /* Assets.xcassets in Resources */,
			);
			runOnlyForDeploymentPostprocessing = 0;
		};
/* End PBXResourcesBuildPhase section */

/* Begin PBXSourcesBuildPhase section */
		B536AA762AF6FD560018E302 /* Sources */ = {
			isa = PBXSourcesBuildPhase;
			buildActionMask = 2147483647;
			files = (
				B536AA802AF6FD560018E302 /* ContentView.swift in Sources */,
				B536AA8E2AF701290018E302 /* MatchManager.swift in Sources */,
				B536AA8C2AF700B80018E302 /* MenuView.swift in Sources */,
				B5AD747F2AFBE1CF00F55137 /* DrawingView.swift in Sources */,
				B536AA902AF7017C0018E302 /* Misc.swift in Sources */,
				B536AA922AF7A3360018E302 /* GameOverView.swift in Sources */,
				B536AA7E2AF6FD560018E302 /* Guess_The_DoodleApp.swift in Sources */,
				B5336F7F2AF7C9E700F968C4 /* GameView.swift in Sources */,
			);
			runOnlyForDeploymentPostprocessing = 0;
		};
/* End PBXSourcesBuildPhase section */

/* Begin XCBuildConfiguration section */
		B536AA862AF6FD5B0018E302 /* Debug */ = {
			isa = XCBuildConfiguration;
			buildSettings = {
				ALWAYS_SEARCH_USER_PATHS = NO;
				CLANG_ANALYZER_NONNULL = YES;
				CLANG_ANALYZER_NUMBER_OBJECT_CONVERSION = YES_AGGRESSIVE;
				CLANG_CXX_LANGUAGE_STANDARD = "gnu++20";
				CLANG_ENABLE_MODULES = YES;
				CLANG_ENABLE_OBJC_ARC = YES;
				CLANG_ENABLE_OBJC_WEAK = YES;
				CLANG_WARN_BLOCK_CAPTURE_AUTORELEASING = YES;
				CLANG_WARN_BOOL_CONVERSION = YES;
				CLANG_WARN_COMMA = YES;
				CLANG_WARN_CONSTANT_CONVERSION = YES;
				CLANG_WARN_DEPRECATED_OBJC_IMPLEMENTATIONS = YES;
				CLANG_WARN_DIRECT_OBJC_ISA_USAGE = YES_ERROR;
				CLANG_WARN_DOCUMENTATION_COMMENTS = YES;
				CLANG_WARN_EMPTY_BODY = YES;
				CLANG_WARN_ENUM_CONVERSION = YES;
				CLANG_WARN_INFINITE_RECURSION = YES;
				CLANG_WARN_INT_CONVERSION = YES;
				CLANG_WARN_NON_LITERAL_NULL_CONVERSION = YES;
				CLANG_WARN_OBJC_IMPLICIT_RETAIN_SELF = YES;
				CLANG_WARN_OBJC_LITERAL_CONVERSION = YES;
				CLANG_WARN_OBJC_ROOT_CLASS = YES_ERROR;
				CLANG_WARN_QUOTED_INCLUDE_IN_FRAMEWORK_HEADER = YES;
				CLANG_WARN_RANGE_LOOP_ANALYSIS = YES;
				CLANG_WARN_STRICT_PROTOTYPES = YES;
				CLANG_WARN_SUSPICIOUS_MOVE = YES;
				CLANG_WARN_UNGUARDED_AVAILABILITY = YES_AGGRESSIVE;
				CLANG_WARN_UNREACHABLE_CODE = YES;
				CLANG_WARN__DUPLICATE_METHOD_MATCH = YES;
				COPY_PHASE_STRIP = NO;
				DEBUG_INFORMATION_FORMAT = dwarf;
				ENABLE_STRICT_OBJC_MSGSEND = YES;
				ENABLE_TESTABILITY = YES;
				GCC_C_LANGUAGE_STANDARD = gnu11;
				GCC_DYNAMIC_NO_PIC = NO;
				GCC_NO_COMMON_BLOCKS = YES;
				GCC_OPTIMIZATION_LEVEL = 0;
				GCC_PREPROCESSOR_DEFINITIONS = (
					"DEBUG=1",
					"$(inherited)",
				);
				GCC_WARN_64_TO_32_BIT_CONVERSION = YES;
				GCC_WARN_ABOUT_RETURN_TYPE = YES_ERROR;
				GCC_WARN_UNDECLARED_SELECTOR = YES;
				GCC_WARN_UNINITIALIZED_AUTOS = YES_AGGRESSIVE;
				GCC_WARN_UNUSED_FUNCTION = YES;
				GCC_WARN_UNUSED_VARIABLE = YES;
				IPHONEOS_DEPLOYMENT_TARGET = 16.1;
				MTL_ENABLE_DEBUG_INFO = INCLUDE_SOURCE;
				MTL_FAST_MATH = YES;
				ONLY_ACTIVE_ARCH = YES;
				SDKROOT = iphoneos;
				SWIFT_ACTIVE_COMPILATION_CONDITIONS = DEBUG;
				SWIFT_OPTIMIZATION_LEVEL = "-Onone";
			};
			name = Debug;
		};
		B536AA872AF6FD5B0018E302 /* Release */ = {
			isa = XCBuildConfiguration;
			buildSettings = {
				ALWAYS_SEARCH_USER_PATHS = NO;
				CLANG_ANALYZER_NONNULL = YES;
				CLANG_ANALYZER_NUMBER_OBJECT_CONVERSION = YES_AGGRESSIVE;
				CLANG_CXX_LANGUAGE_STANDARD = "gnu++20";
				CLANG_ENABLE_MODULES = YES;
				CLANG_ENABLE_OBJC_ARC = YES;
				CLANG_ENABLE_OBJC_WEAK = YES;
				CLANG_WARN_BLOCK_CAPTURE_AUTORELEASING = YES;
				CLANG_WARN_BOOL_CONVERSION = YES;
				CLANG_WARN_COMMA = YES;
				CLANG_WARN_CONSTANT_CONVERSION = YES;
				CLANG_WARN_DEPRECATED_OBJC_IMPLEMENTATIONS = YES;
				CLANG_WARN_DIRECT_OBJC_ISA_USAGE = YES_ERROR;
				CLANG_WARN_DOCUMENTATION_COMMENTS = YES;
				CLANG_WARN_EMPTY_BODY = YES;
				CLANG_WARN_ENUM_CONVERSION = YES;
				CLANG_WARN_INFINITE_RECURSION = YES;
				CLANG_WARN_INT_CONVERSION = YES;
				CLANG_WARN_NON_LITERAL_NULL_CONVERSION = YES;
				CLANG_WARN_OBJC_IMPLICIT_RETAIN_SELF = YES;
				CLANG_WARN_OBJC_LITERAL_CONVERSION = YES;
				CLANG_WARN_OBJC_ROOT_CLASS = YES_ERROR;
				CLANG_WARN_QUOTED_INCLUDE_IN_FRAMEWORK_HEADER = YES;
				CLANG_WARN_RANGE_LOOP_ANALYSIS = YES;
				CLANG_WARN_STRICT_PROTOTYPES = YES;
				CLANG_WARN_SUSPICIOUS_MOVE = YES;
				CLANG_WARN_UNGUARDED_AVAILABILITY = YES_AGGRESSIVE;
				CLANG_WARN_UNREACHABLE_CODE = YES;
				CLANG_WARN__DUPLICATE_METHOD_MATCH = YES;
				COPY_PHASE_STRIP = NO;
				DEBUG_INFORMATION_FORMAT = "dwarf-with-dsym";
				ENABLE_NS_ASSERTIONS = NO;
				ENABLE_STRICT_OBJC_MSGSEND = YES;
				GCC_C_LANGUAGE_STANDARD = gnu11;
				GCC_NO_COMMON_BLOCKS = YES;
				GCC_WARN_64_TO_32_BIT_CONVERSION = YES;
				GCC_WARN_ABOUT_RETURN_TYPE = YES_ERROR;
				GCC_WARN_UNDECLARED_SELECTOR = YES;
				GCC_WARN_UNINITIALIZED_AUTOS = YES_AGGRESSIVE;
				GCC_WARN_UNUSED_FUNCTION = YES;
				GCC_WARN_UNUSED_VARIABLE = YES;
				IPHONEOS_DEPLOYMENT_TARGET = 16.1;
				MTL_ENABLE_DEBUG_INFO = NO;
				MTL_FAST_MATH = YES;
				SDKROOT = iphoneos;
				SWIFT_COMPILATION_MODE = wholemodule;
				SWIFT_OPTIMIZATION_LEVEL = "-O";
				VALIDATE_PRODUCT = YES;
			};
			name = Release;
		};
		B536AA892AF6FD5B0018E302 /* Debug */ = {
			isa = XCBuildConfiguration;
			buildSettings = {
				ASSETCATALOG_COMPILER_APPICON_NAME = AppIcon;
				ASSETCATALOG_COMPILER_GLOBAL_ACCENT_COLOR_NAME = AccentColor;
				CODE_SIGN_STYLE = Automatic;
				CURRENT_PROJECT_VERSION = 1;
				DEVELOPMENT_ASSET_PATHS = "\"Guess The Doodle/Preview Content\"";
				DEVELOPMENT_TEAM = 22JSDG8A73;
				ENABLE_PREVIEWS = YES;
				GENERATE_INFOPLIST_FILE = YES;
				INFOPLIST_KEY_UIApplicationSceneManifest_Generation = YES;
				INFOPLIST_KEY_UIApplicationSupportsIndirectInputEvents = YES;
				INFOPLIST_KEY_UILaunchScreen_Generation = YES;
				INFOPLIST_KEY_UISupportedInterfaceOrientations_iPad = "UIInterfaceOrientationPortrait UIInterfaceOrientationPortraitUpsideDown UIInterfaceOrientationLandscapeLeft UIInterfaceOrientationLandscapeRight";
				INFOPLIST_KEY_UISupportedInterfaceOrientations_iPhone = "UIInterfaceOrientationPortrait UIInterfaceOrientationLandscapeLeft UIInterfaceOrientationLandscapeRight";
				LD_RUNPATH_SEARCH_PATHS = (
					"$(inherited)",
					"@executable_path/Frameworks",
				);
				MARKETING_VERSION = 1.0;
				PRODUCT_BUNDLE_IDENTIFIER = "swift.Guess-The-Doodle";
				PRODUCT_NAME = "$(TARGET_NAME)";
				SWIFT_EMIT_LOC_STRINGS = YES;
				SWIFT_VERSION = 5.0;
				TARGETED_DEVICE_FAMILY = "1,2";
			};
			name = Debug;
		};
		B536AA8A2AF6FD5B0018E302 /* Release */ = {
			isa = XCBuildConfiguration;
			buildSettings = {
				ASSETCATALOG_COMPILER_APPICON_NAME = AppIcon;
				ASSETCATALOG_COMPILER_GLOBAL_ACCENT_COLOR_NAME = AccentColor;
				CODE_SIGN_STYLE = Automatic;
				CURRENT_PROJECT_VERSION = 1;
				DEVELOPMENT_ASSET_PATHS = "\"Guess The Doodle/Preview Content\"";
				DEVELOPMENT_TEAM = 22JSDG8A73;
				ENABLE_PREVIEWS = YES;
				GENERATE_INFOPLIST_FILE = YES;
				INFOPLIST_KEY_UIApplicationSceneManifest_Generation = YES;
				INFOPLIST_KEY_UIApplicationSupportsIndirectInputEvents = YES;
				INFOPLIST_KEY_UILaunchScreen_Generation = YES;
				INFOPLIST_KEY_UISupportedInterfaceOrientations_iPad = "UIInterfaceOrientationPortrait UIInterfaceOrientationPortraitUpsideDown UIInterfaceOrientationLandscapeLeft UIInterfaceOrientationLandscapeRight";
				INFOPLIST_KEY_UISupportedInterfaceOrientations_iPhone = "UIInterfaceOrientationPortrait UIInterfaceOrientationLandscapeLeft UIInterfaceOrientationLandscapeRight";
				LD_RUNPATH_SEARCH_PATHS = (
					"$(inherited)",
					"@executable_path/Frameworks",
				);
				MARKETING_VERSION = 1.0;
				PRODUCT_BUNDLE_IDENTIFIER = "swift.Guess-The-Doodle";
				PRODUCT_NAME = "$(TARGET_NAME)";
				SWIFT_EMIT_LOC_STRINGS = YES;
				SWIFT_VERSION = 5.0;
				TARGETED_DEVICE_FAMILY = "1,2";
			};
			name = Release;
		};
/* End XCBuildConfiguration section */

/* Begin XCConfigurationList section */
		B536AA752AF6FD560018E302 /* Build configuration list for PBXProject "Guess The Doodle" */ = {
			isa = XCConfigurationList;
			buildConfigurations = (
				B536AA862AF6FD5B0018E302 /* Debug */,
				B536AA872AF6FD5B0018E302 /* Release */,
			);
			defaultConfigurationIsVisible = 0;
			defaultConfigurationName = Release;
		};
		B536AA882AF6FD5B0018E302 /* Build configuration list for PBXNativeTarget "Guess The Doodle" */ = {
			isa = XCConfigurationList;
			buildConfigurations = (
				B536AA892AF6FD5B0018E302 /* Debug */,
				B536AA8A2AF6FD5B0018E302 /* Release */,
			);
			defaultConfigurationIsVisible = 0;
			defaultConfigurationName = Release;
		};
/* End XCConfigurationList section */
	};
	rootObject = B536AA722AF6FD560018E302 /* Project object */;
}
